
Microsoft Visual Studio Solution File, Format Version 12.00
# Visual Studio Version 17
VisualStudioVersion = 17.3.32825.248
MinimumVisualStudioVersion = 10.0.40219.1
Project("{FAE04EC0-301F-11D3-BF4B-00C04F79EFBC}") = "HtmlSerializer", "HtmlSerializer\HtmlSerializer.csproj", "{510B3E47-2E50-4D6E-8A1C-90E557B5ECC7}"
EndProject
Global
	GlobalSection(SolutionConfigurationPlatforms) = preSolution
		Debug|Any CPU = Debug|Any CPU
		Release|Any CPU = Release|Any CPU
	EndGlobalSection
	GlobalSection(ProjectConfigurationPlatforms) = postSolution
		{510B3E47-2E50-4D6E-8A1C-90E557B5ECC7}.Debug|Any CPU.ActiveCfg = Debug|Any CPU
		{510B3E47-2E50-4D6E-8A1C-90E557B5ECC7}.Debug|Any CPU.Build.0 = Debug|Any CPU
		{510B3E47-2E50-4D6E-8A1C-90E557B5ECC7}.Release|Any CPU.ActiveCfg = Release|Any CPU
		{510B3E47-2E50-4D6E-8A1C-90E557B5ECC7}.Release|Any CPU.Build.0 = Release|Any CPU
	EndGlobalSection
	GlobalSection(SolutionProperties) = preSolution
		HideSolutionNode = FALSE
	EndGlobalSection
	GlobalSection(ExtensibilityGlobals) = postSolution
		SolutionGuid = {3A3F3027-2D48-433B-B703-272BE8245A2E}
	EndGlobalSection
EndGlobal
